
Microsoft Visual Studio Solution File, Format Version 12.00
# Visual Studio 15
VisualStudioVersion = 15.0.28307.1145
MinimumVisualStudioVersion = 10.0.40219.1
Project("{FAE04EC0-301F-11D3-BF4B-00C04F79EFBC}") = "UiSampleMigrat.Android", "UiSampleMigrat\UiSampleMigrat.Android\UiSampleMigrat.Android.csproj", "{4199C2C5-5461-4831-B189-C62ACE3DF8D5}"
EndProject
Project("{FAE04EC0-301F-11D3-BF4B-00C04F79EFBC}") = "UiSampleMigrat.iOS", "UiSampleMigrat\UiSampleMigrat.iOS\UiSampleMigrat.iOS.csproj", "{2E3D2A72-0B30-483B-A1A2-4077B62BB6DB}"
EndProject
Project("{9A19103F-16F7-4668-BE54-9A1E7A4F7556}") = "UiSampleMigrat", "UiSampleMigrat\UiSampleMigrat\UiSampleMigrat.csproj", "{8429C112-EB09-4FE7-BC84-6FAD1A2418B6}"
EndProject
Global
	GlobalSection(SolutionConfigurationPlatforms) = preSolution
		Ad-Hoc|Any CPU = Ad-Hoc|Any CPU
		Ad-Hoc|iPhone = Ad-Hoc|iPhone
		Ad-Hoc|iPhoneSimulator = Ad-Hoc|iPhoneSimulator
		AppStore|Any CPU = AppStore|Any CPU
		AppStore|iPhone = AppStore|iPhone
		AppStore|iPhoneSimulator = AppStore|iPhoneSimulator
		Debug|Any CPU = Debug|Any CPU
		Debug|iPhone = Debug|iPhone
		Debug|iPhoneSimulator = Debug|iPhoneSimulator
		Release|Any CPU = Release|Any CPU
		Release|iPhone = Release|iPhone
		Release|iPhoneSimulator = Release|iPhoneSimulator
	EndGlobalSection
	GlobalSection(ProjectConfigurationPlatforms) = postSolution
		{4199C2C5-5461-4831-B189-C62ACE3DF8D5}.Ad-Hoc|Any CPU.ActiveCfg = Release|Any CPU
		{4199C2C5-5461-4831-B189-C62ACE3DF8D5}.Ad-Hoc|Any CPU.Build.0 = Release|Any CPU
		{4199C2C5-5461-4831-B189-C62ACE3DF8D5}.Ad-Hoc|Any CPU.Deploy.0 = Release|Any CPU
		{4199C2C5-5461-4831-B189-C62ACE3DF8D5}.Ad-Hoc|iPhone.ActiveCfg = Release|Any CPU
		{4199C2C5-5461-4831-B189-C62ACE3DF8D5}.Ad-Hoc|iPhone.Build.0 = Release|Any CPU
		{4199C2C5-5461-4831-B189-C62ACE3DF8D5}.Ad-Hoc|iPhone.Deploy.0 = Release|Any CPU
		{4199C2C5-5461-4831-B189-C62ACE3DF8D5}.Ad-Hoc|iPhoneSimulator.ActiveCfg = Release|Any CPU
		{4199C2C5-5461-4831-B189-C62ACE3DF8D5}.Ad-Hoc|iPhoneSimulator.Build.0 = Release|Any CPU
		{4199C2C5-5461-4831-B189-C62ACE3DF8D5}.Ad-Hoc|iPhoneSimulator.Deploy.0 = Release|Any CPU
		{4199C2C5-5461-4831-B189-C62ACE3DF8D5}.AppStore|Any CPU.ActiveCfg = Release|Any CPU
		{4199C2C5-5461-4831-B189-C62ACE3DF8D5}.AppStore|Any CPU.Build.0 = Release|Any CPU
		{4199C2C5-5461-4831-B189-C62ACE3DF8D5}.AppStore|Any CPU.Deploy.0 = Release|Any CPU
		{4199C2C5-5461-4831-B189-C62ACE3DF8D5}.AppStore|iPhone.ActiveCfg = Release|Any CPU
		{4199C2C5-5461-4831-B189-C62ACE3DF8D5}.AppStore|iPhone.Build.0 = Release|Any CPU
		{4199C2C5-5461-4831-B189-C62ACE3DF8D5}.AppStore|iPhone.Deploy.0 = Release|Any CPU
		{4199C2C5-5461-4831-B189-C62ACE3DF8D5}.AppStore|iPhoneSimulator.ActiveCfg = Release|Any CPU
		{4199C2C5-5461-4831-B189-C62ACE3DF8D5}.AppStore|iPhoneSimulator.Build.0 = Release|Any CPU
		{4199C2C5-5461-4831-B189-C62ACE3DF8D5}.AppStore|iPhoneSimulator.Deploy.0 = Release|Any CPU
		{4199C2C5-5461-4831-B189-C62ACE3DF8D5}.Debug|Any CPU.ActiveCfg = Debug|Any CPU
		{4199C2C5-5461-4831-B189-C62ACE3DF8D5}.Debug|Any CPU.Build.0 = Debug|Any CPU
		{4199C2C5-5461-4831-B189-C62ACE3DF8D5}.Debug|Any CPU.Deploy.0 = Debug|Any CPU
		{4199C2C5-5461-4831-B189-C62ACE3DF8D5}.Debug|iPhone.ActiveCfg = Debug|Any CPU
		{4199C2C5-5461-4831-B189-C62ACE3DF8D5}.Debug|iPhone.Build.0 = Debug|Any CPU
		{4199C2C5-5461-4831-B189-C62ACE3DF8D5}.Debug|iPhone.Deploy.0 = Debug|Any CPU
		{4199C2C5-5461-4831-B189-C62ACE3DF8D5}.Debug|iPhoneSimulator.ActiveCfg = Debug|Any CPU
		{4199C2C5-5461-4831-B189-C62ACE3DF8D5}.Debug|iPhoneSimulator.Build.0 = Debug|Any CPU
		{4199C2C5-5461-4831-B189-C62ACE3DF8D5}.Debug|iPhoneSimulator.Deploy.0 = Debug|Any CPU
		{4199C2C5-5461-4831-B189-C62ACE3DF8D5}.Release|Any CPU.ActiveCfg = Release|Any CPU
		{4199C2C5-5461-4831-B189-C62ACE3DF8D5}.Release|Any CPU.Build.0 = Release|Any CPU
		{4199C2C5-5461-4831-B189-C62ACE3DF8D5}.Release|Any CPU.Deploy.0 = Release|Any CPU
		{4199C2C5-5461-4831-B189-C62ACE3DF8D5}.Release|iPhone.ActiveCfg = Release|Any CPU
		{4199C2C5-5461-4831-B189-C62ACE3DF8D5}.Release|iPhone.Build.0 = Release|Any CPU
		{4199C2C5-5461-4831-B189-C62ACE3DF8D5}.Release|iPhone.Deploy.0 = Release|Any CPU
		{4199C2C5-5461-4831-B189-C62ACE3DF8D5}.Release|iPhoneSimulator.ActiveCfg = Release|Any CPU
		{4199C2C5-5461-4831-B189-C62ACE3DF8D5}.Release|iPhoneSimulator.Build.0 = Release|Any CPU
		{4199C2C5-5461-4831-B189-C62ACE3DF8D5}.Release|iPhoneSimulator.Deploy.0 = Release|Any CPU
		{2E3D2A72-0B30-483B-A1A2-4077B62BB6DB}.Ad-Hoc|Any CPU.ActiveCfg = Ad-Hoc|iPhone
		{2E3D2A72-0B30-483B-A1A2-4077B62BB6DB}.Ad-Hoc|Any CPU.Build.0 = Ad-Hoc|iPhone
		{2E3D2A72-0B30-483B-A1A2-4077B62BB6DB}.Ad-Hoc|Any CPU.Deploy.0 = Ad-Hoc|iPhone
		{2E3D2A72-0B30-483B-A1A2-4077B62BB6DB}.Ad-Hoc|iPhone.ActiveCfg = Ad-Hoc|iPhone
		{2E3D2A72-0B30-483B-A1A2-4077B62BB6DB}.Ad-Hoc|iPhone.Build.0 = Ad-Hoc|iPhone
		{2E3D2A72-0B30-483B-A1A2-4077B62BB6DB}.Ad-Hoc|iPhone.Deploy.0 = Ad-Hoc|iPhone
		{2E3D2A72-0B30-483B-A1A2-4077B62BB6DB}.Ad-Hoc|iPhoneSimulator.ActiveCfg = Ad-Hoc|iPhoneSimulator
		{2E3D2A72-0B30-483B-A1A2-4077B62BB6DB}.Ad-Hoc|iPhoneSimulator.Build.0 = Ad-Hoc|iPhoneSimulator
		{2E3D2A72-0B30-483B-A1A2-4077B62BB6DB}.Ad-Hoc|iPhoneSimulator.Deploy.0 = Ad-Hoc|iPhoneSimulator
		{2E3D2A72-0B30-483B-A1A2-4077B62BB6DB}.AppStore|Any CPU.ActiveCfg = AppStore|iPhone
		{2E3D2A72-0B30-483B-A1A2-4077B62BB6DB}.AppStore|Any CPU.Build.0 = AppStore|iPhone
		{2E3D2A72-0B30-483B-A1A2-4077B62BB6DB}.AppStore|Any CPU.Deploy.0 = AppStore|iPhone
		{2E3D2A72-0B30-483B-A1A2-4077B62BB6DB}.AppStore|iPhone.ActiveCfg = AppStore|iPhone
		{2E3D2A72-0B30-483B-A1A2-4077B62BB6DB}.AppStore|iPhone.Build.0 = AppStore|iPhone
		{2E3D2A72-0B30-483B-A1A2-4077B62BB6DB}.AppStore|iPhone.Deploy.0 = AppStore|iPhone
		{2E3D2A72-0B30-483B-A1A2-4077B62BB6DB}.AppStore|iPhoneSimulator.ActiveCfg = AppStore|iPhoneSimulator
		{2E3D2A72-0B30-483B-A1A2-4077B62BB6DB}.AppStore|iPhoneSimulator.Build.0 = AppStore|iPhoneSimulator
		{2E3D2A72-0B30-483B-A1A2-4077B62BB6DB}.AppStore|iPhoneSimulator.Deploy.0 = AppStore|iPhoneSimulator
		{2E3D2A72-0B30-483B-A1A2-4077B62BB6DB}.Debug|Any CPU.ActiveCfg = Debug|iPhoneSimulator
		{2E3D2A72-0B30-483B-A1A2-4077B62BB6DB}.Debug|Any CPU.Build.0 = Debug|iPhoneSimulator
		{2E3D2A72-0B30-483B-A1A2-4077B62BB6DB}.Debug|Any CPU.Deploy.0 = Debug|iPhoneSimulator
		{2E3D2A72-0B30-483B-A1A2-4077B62BB6DB}.Debug|iPhone.ActiveCfg = Debug|iPhone
		{2E3D2A72-0B30-483B-A1A2-4077B62BB6DB}.Debug|iPhone.Build.0 = Debug|iPhone
		{2E3D2A72-0B30-483B-A1A2-4077B62BB6DB}.Debug|iPhone.Deploy.0 = Debug|iPhone
		{2E3D2A72-0B30-483B-A1A2-4077B62BB6DB}.Debug|iPhoneSimulator.ActiveCfg = Debug|iPhoneSimulator
		{2E3D2A72-0B30-483B-A1A2-4077B62BB6DB}.Debug|iPhoneSimulator.Build.0 = Debug|iPhoneSimulator
		{2E3D2A72-0B30-483B-A1A2-4077B62BB6DB}.Debug|iPhoneSimulator.Deploy.0 = Debug|iPhoneSimulator
		{2E3D2A72-0B30-483B-A1A2-4077B62BB6DB}.Release|Any CPU.ActiveCfg = Release|iPhone
		{2E3D2A72-0B30-483B-A1A2-4077B62BB6DB}.Release|Any CPU.Build.0 = Release|iPhone
		{2E3D2A72-0B30-483B-A1A2-4077B62BB6DB}.Release|Any CPU.Deploy.0 = Release|iPhone
		{2E3D2A72-0B30-483B-A1A2-4077B62BB6DB}.Release|iPhone.ActiveCfg = Release|iPhone
		{2E3D2A72-0B30-483B-A1A2-4077B62BB6DB}.Release|iPhone.Build.0 = Release|iPhone
		{2E3D2A72-0B30-483B-A1A2-4077B62BB6DB}.Release|iPhone.Deploy.0 = Release|iPhone
		{2E3D2A72-0B30-483B-A1A2-4077B62BB6DB}.Release|iPhoneSimulator.ActiveCfg = Release|iPhoneSimulator
		{2E3D2A72-0B30-483B-A1A2-4077B62BB6DB}.Release|iPhoneSimulator.Build.0 = Release|iPhoneSimulator
		{2E3D2A72-0B30-483B-A1A2-4077B62BB6DB}.Release|iPhoneSimulator.Deploy.0 = Release|iPhoneSimulator
		{8429C112-EB09-4FE7-BC84-6FAD1A2418B6}.Ad-Hoc|Any CPU.ActiveCfg = Debug|Any CPU
		{8429C112-EB09-4FE7-BC84-6FAD1A2418B6}.Ad-Hoc|Any CPU.Build.0 = Debug|Any CPU
		{8429C112-EB09-4FE7-BC84-6FAD1A2418B6}.Ad-Hoc|Any CPU.Deploy.0 = Debug|Any CPU
		{8429C112-EB09-4FE7-BC84-6FAD1A2418B6}.Ad-Hoc|iPhone.ActiveCfg = Debug|Any CPU
		{8429C112-EB09-4FE7-BC84-6FAD1A2418B6}.Ad-Hoc|iPhone.Build.0 = Debug|Any CPU
		{8429C112-EB09-4FE7-BC84-6FAD1A2418B6}.Ad-Hoc|iPhone.Deploy.0 = Debug|Any CPU
		{8429C112-EB09-4FE7-BC84-6FAD1A2418B6}.Ad-Hoc|iPhoneSimulator.ActiveCfg = Debug|Any CPU
		{8429C112-EB09-4FE7-BC84-6FAD1A2418B6}.Ad-Hoc|iPhoneSimulator.Build.0 = Debug|Any CPU
		{8429C112-EB09-4FE7-BC84-6FAD1A2418B6}.Ad-Hoc|iPhoneSimulator.Deploy.0 = Debug|Any CPU
		{8429C112-EB09-4FE7-BC84-6FAD1A2418B6}.AppStore|Any CPU.ActiveCfg = Debug|Any CPU
		{8429C112-EB09-4FE7-BC84-6FAD1A2418B6}.AppStore|Any CPU.Build.0 = Debug|Any CPU
		{8429C112-EB09-4FE7-BC84-6FAD1A2418B6}.AppStore|Any CPU.Deploy.0 = Debug|Any CPU
		{8429C112-EB09-4FE7-BC84-6FAD1A2418B6}.AppStore|iPhone.ActiveCfg = Debug|Any CPU
		{8429C112-EB09-4FE7-BC84-6FAD1A2418B6}.AppStore|iPhone.Build.0 = Debug|Any CPU
		{8429C112-EB09-4FE7-BC84-6FAD1A2418B6}.AppStore|iPhone.Deploy.0 = Debug|Any CPU
		{8429C112-EB09-4FE7-BC84-6FAD1A2418B6}.AppStore|iPhoneSimulator.ActiveCfg = Debug|Any CPU
		{8429C112-EB09-4FE7-BC84-6FAD1A2418B6}.AppStore|iPhoneSimulator.Build.0 = Debug|Any CPU
		{8429C112-EB09-4FE7-BC84-6FAD1A2418B6}.AppStore|iPhoneSimulator.Deploy.0 = Debug|Any CPU
		{8429C112-EB09-4FE7-BC84-6FAD1A2418B6}.Debug|Any CPU.ActiveCfg = Debug|Any CPU
		{8429C112-EB09-4FE7-BC84-6FAD1A2418B6}.Debug|Any CPU.Build.0 = Debug|Any CPU
		{8429C112-EB09-4FE7-BC84-6FAD1A2418B6}.Debug|Any CPU.Deploy.0 = Debug|Any CPU
		{8429C112-EB09-4FE7-BC84-6FAD1A2418B6}.Debug|iPhone.ActiveCfg = Debug|Any CPU
		{8429C112-EB09-4FE7-BC84-6FAD1A2418B6}.Debug|iPhone.Build.0 = Debug|Any CPU
		{8429C112-EB09-4FE7-BC84-6FAD1A2418B6}.Debug|iPhone.Deploy.0 = Debug|Any CPU
		{8429C112-EB09-4FE7-BC84-6FAD1A2418B6}.Debug|iPhoneSimulator.ActiveCfg = Debug|Any CPU
		{8429C112-EB09-4FE7-BC84-6FAD1A2418B6}.Debug|iPhoneSimulator.Build.0 = Debug|Any CPU
		{8429C112-EB09-4FE7-BC84-6FAD1A2418B6}.Debug|iPhoneSimulator.Deploy.0 = Debug|Any CPU
		{8429C112-EB09-4FE7-BC84-6FAD1A2418B6}.Release|Any CPU.ActiveCfg = Release|Any CPU
		{8429C112-EB09-4FE7-BC84-6FAD1A2418B6}.Release|Any CPU.Build.0 = Release|Any CPU
		{8429C112-EB09-4FE7-BC84-6FAD1A2418B6}.Release|Any CPU.Deploy.0 = Release|Any CPU
		{8429C112-EB09-4FE7-BC84-6FAD1A2418B6}.Release|iPhone.ActiveCfg = Release|Any CPU
		{8429C112-EB09-4FE7-BC84-6FAD1A2418B6}.Release|iPhone.Build.0 = Release|Any CPU
		{8429C112-EB09-4FE7-BC84-6FAD1A2418B6}.Release|iPhone.Deploy.0 = Release|Any CPU
		{8429C112-EB09-4FE7-BC84-6FAD1A2418B6}.Release|iPhoneSimulator.ActiveCfg = Release|Any CPU
		{8429C112-EB09-4FE7-BC84-6FAD1A2418B6}.Release|iPhoneSimulator.Build.0 = Release|Any CPU
		{8429C112-EB09-4FE7-BC84-6FAD1A2418B6}.Release|iPhoneSimulator.Deploy.0 = Release|Any CPU
	EndGlobalSection
	GlobalSection(SolutionProperties) = preSolution
		HideSolutionNode = FALSE
	EndGlobalSection
	GlobalSection(ExtensibilityGlobals) = postSolution
		SolutionGuid = {E8DE0B5D-41CA-44A4-A3B2-E70A7C6BD080}
	EndGlobalSection
EndGlobal
